
Microsoft Visual Studio Solution File, Format Version 12.00
# Visual Studio Version 17
VisualStudioVersion = 17.1.32210.238
MinimumVisualStudioVersion = 10.0.40219.1
Project("{FAE04EC0-301F-11D3-BF4B-00C04F79EFBC}") = "ECommerce.Catalog", "ECommerce.Catalog\ECommerce.Catalog.csproj", "{5F3F5C59-23B2-462D-87A3-245940182467}"
EndProject
Project("{FAE04EC0-301F-11D3-BF4B-00C04F79EFBC}") = "ECommerce.Identity", "ECommerce.Identity\ECommerce.Identity.csproj", "{77BDA268-E065-411D-AD46-27BA5C7DAFF4}"
EndProject
Project("{FAE04EC0-301F-11D3-BF4B-00C04F79EFBC}") = "ECommerce.Order", "ECommerce.Order\ECommerce.Order.csproj", "{9B954144-19A7-4D1B-AB70-DF04031BB95F}"
EndProject
Project("{FAE04EC0-301F-11D3-BF4B-00C04F79EFBC}") = "ECommerce.Customer", "ECommerce.Customer\ECommerce.Customer.csproj", "{C23F0FA7-C34A-49F6-9268-6FA3D603E172}"
EndProject
Project("{FAE04EC0-301F-11D3-BF4B-00C04F79EFBC}") = "ECommerce.Common", "ECommerce.Common\ECommerce.Common.csproj", "{B49EE447-9C6D-47C7-99C1-58BE24DCABE2}"
EndProject
Project("{2150E333-8FDC-42A3-9474-1A3956D46DE8}") = "Solution Items", "Solution Items", "{281C877F-5F50-4C99-9E00-3842376897E3}"
	ProjectSection(SolutionItems) = preProject
		.editorconfig = .editorconfig
	EndProjectSection
EndProject
Global
	GlobalSection(SolutionConfigurationPlatforms) = preSolution
		Debug|Any CPU = Debug|Any CPU
		Release|Any CPU = Release|Any CPU
	EndGlobalSection
	GlobalSection(ProjectConfigurationPlatforms) = postSolution
		{5F3F5C59-23B2-462D-87A3-245940182467}.Debug|Any CPU.ActiveCfg = Debug|Any CPU
		{5F3F5C59-23B2-462D-87A3-245940182467}.Debug|Any CPU.Build.0 = Debug|Any CPU
		{5F3F5C59-23B2-462D-87A3-245940182467}.Release|Any CPU.ActiveCfg = Release|Any CPU
		{5F3F5C59-23B2-462D-87A3-245940182467}.Release|Any CPU.Build.0 = Release|Any CPU
		{77BDA268-E065-411D-AD46-27BA5C7DAFF4}.Debug|Any CPU.ActiveCfg = Debug|Any CPU
		{77BDA268-E065-411D-AD46-27BA5C7DAFF4}.Debug|Any CPU.Build.0 = Debug|Any CPU
		{77BDA268-E065-411D-AD46-27BA5C7DAFF4}.Release|Any CPU.ActiveCfg = Release|Any CPU
		{77BDA268-E065-411D-AD46-27BA5C7DAFF4}.Release|Any CPU.Build.0 = Release|Any CPU
		{9B954144-19A7-4D1B-AB70-DF04031BB95F}.Debug|Any CPU.ActiveCfg = Debug|Any CPU
		{9B954144-19A7-4D1B-AB70-DF04031BB95F}.Debug|Any CPU.Build.0 = Debug|Any CPU
		{9B954144-19A7-4D1B-AB70-DF04031BB95F}.Release|Any CPU.ActiveCfg = Release|Any CPU
		{9B954144-19A7-4D1B-AB70-DF04031BB95F}.Release|Any CPU.Build.0 = Release|Any CPU
		{C23F0FA7-C34A-49F6-9268-6FA3D603E172}.Debug|Any CPU.ActiveCfg = Debug|Any CPU
		{C23F0FA7-C34A-49F6-9268-6FA3D603E172}.Debug|Any CPU.Build.0 = Debug|Any CPU
		{C23F0FA7-C34A-49F6-9268-6FA3D603E172}.Release|Any CPU.ActiveCfg = Release|Any CPU
		{C23F0FA7-C34A-49F6-9268-6FA3D603E172}.Release|Any CPU.Build.0 = Release|Any CPU
		{B49EE447-9C6D-47C7-99C1-58BE24DCABE2}.Debug|Any CPU.ActiveCfg = Debug|Any CPU
		{B49EE447-9C6D-47C7-99C1-58BE24DCABE2}.Debug|Any CPU.Build.0 = Debug|Any CPU
		{B49EE447-9C6D-47C7-99C1-58BE24DCABE2}.Release|Any CPU.ActiveCfg = Release|Any CPU
		{B49EE447-9C6D-47C7-99C1-58BE24DCABE2}.Release|Any CPU.Build.0 = Release|Any CPU
	EndGlobalSection
	GlobalSection(SolutionProperties) = preSolution
		HideSolutionNode = FALSE
	EndGlobalSection
	GlobalSection(ExtensibilityGlobals) = postSolution
		SolutionGuid = {316B2C4E-9E2E-496A-B94D-FF9690BD8F6B}
	EndGlobalSection
EndGlobal
